{
  "nodes": {
    "nixpkgs": {
      "locked": {
        "lastModified": 1780749050,
        "narHash": "sha256-3av0pIjlOWQ6rDbNOmpUSvbNnJkGORQKKjb4LtCZsIY=",
        "owner": "NixOS",
        "repo": "nixpkgs",
        "rev": "a799d3e3886da994fa307f817a6bc705ae538eeb",
        "type": "github"
      },
      "original": {
        "owner": "NixOS",
        "ref": "nixos-unstable",
        "repo": "nixpkgs",
        "type": "github"
      }
    },
    "odysseus": {
      "flake": false,
      "locked": {
        "lastModified": 1781046458,
        "narHash": "sha256-N8xjCkYBgMXS5F5J9OxcMkBTpJ2siO/fYKuPfxXlKZ0=",
        "owner": "georgrybski",
        "repo": "odysseus",
        "rev": "fc8e6366ddb627935af092ba81ea5faa5d05e1b3",
        "type": "github"
      },
      "original": {
        "owner": "georgrybski",
        "repo": "odysseus",
        "type": "github"
      }
    },
    "pi": {
      "flake": false,
      "locked": {
        "lastModified": 1781044031,
        "narHash": "sha256-H8LvE0mHVUZnUz9yMY0oUUYPVJtjmkg9bcoEEAC5VcE=",
        "owner": "georgrybski",
        "repo": "pi",
        "rev": "9ccfcd7cfcacdf593c0b24929d1d847e6cdf6711",
        "type": "github"
      },
      "original": {
        "owner": "georgrybski",
        "repo": "pi",
        "type": "github"
      }
    },
    "root": {
      "inputs": {
        "nixpkgs": "nixpkgs",
        "odysseus": "odysseus",
        "pi": "pi"
      }
    }
  },
  "root": "root",
  "version": 7
}
