{
  "nodes": {
    "fenix": {
      "inputs": {
        "nixpkgs": [
          "nixpkgs"
        ],
        "rust-analyzer-src": "rust-analyzer-src"
      },
      "locked": {
        "lastModified": 1784709340,
        "narHash": "sha256-qsmQMPL+qInjXfdjX0RquObSKcs5h/4D63IWH9j4+Ro=",
        "owner": "nix-community",
        "repo": "fenix",
        "rev": "fa09e6473a0dfd673e6cb9a37741aec513b4bb2a",
        "type": "github"
      },
      "original": {
        "owner": "nix-community",
        "repo": "fenix",
        "type": "github"
      }
    },
    "nixpkgs": {
      "locked": {
        "lastModified": 1780749050,
        "narHash": "sha256-3av0pIjlOWQ6rDbNOmpUSvbNnJkGORQKKjb4LtCZsIY=",
        "owner": "NixOS",
        "repo": "nixpkgs",
        "rev": "a799d3e3886da994fa307f817a6bc705ae538eeb",
        "type": "github"
      },
      "original": {
        "owner": "NixOS",
        "ref": "nixos-unstable",
        "repo": "nixpkgs",
        "type": "github"
      }
    },
    "odysseus": {
      "flake": false,
      "locked": {
        "lastModified": 1781046458,
        "narHash": "sha256-N8xjCkYBgMXS5F5J9OxcMkBTpJ2siO/fYKuPfxXlKZ0=",
        "owner": "georgrybski",
        "repo": "odysseus",
        "rev": "fc8e6366ddb627935af092ba81ea5faa5d05e1b3",
        "type": "github"
      },
      "original": {
        "owner": "georgrybski",
        "repo": "odysseus",
        "type": "github"
      }
    },
    "opencode": {
      "flake": false,
      "locked": {
        "lastModified": 1782258396,
        "narHash": "sha256-Tubr+Hqe7ArEKtG0pBYclmYOfMQL/oUSn85JW36+KHI=",
        "owner": "georgrybski",
        "repo": "opencode",
        "rev": "cfddb2407cb6343aaa221a6aa72222b8fdd325d7",
        "type": "github"
      },
      "original": {
        "owner": "georgrybski",
        "repo": "opencode",
        "type": "github"
      }
    },
    "pi": {
      "flake": false,
      "locked": {
        "lastModified": 1782317646,
        "narHash": "sha256-p1PWFs+j0pjAl+aep3vUqE7cFI+WIbh+GVGPAXbvY78=",
        "owner": "georgrybski",
        "repo": "pi",
        "rev": "371adcf37130629ffb9bbeed9f5548ce08ffa93b",
        "type": "github"
      },
      "original": {
        "owner": "georgrybski",
        "repo": "pi",
        "type": "github"
      }
    },
    "root": {
      "inputs": {
        "fenix": "fenix",
        "nixpkgs": "nixpkgs",
        "odysseus": "odysseus",
        "opencode": "opencode",
        "pi": "pi",
        "tempest": "tempest"
      }
    },
    "rust-analyzer-src": {
      "flake": false,
      "locked": {
        "lastModified": 1784667699,
        "narHash": "sha256-853teJQOgTTKRfNxcIJ53ziJOGNeg3c74PvQl5l61Jc=",
        "owner": "rust-lang",
        "repo": "rust-analyzer",
        "rev": "1174734d9c6453d13d2b5e3d578512c579ca37f1",
        "type": "github"
      },
      "original": {
        "owner": "rust-lang",
        "ref": "nightly",
        "repo": "rust-analyzer",
        "type": "github"
      }
    },
    "tempest": {
      "flake": false,
      "locked": {
        "lastModified": 1783601494,
        "narHash": "sha256-IHIxcol2posEmYeHvql8pZTqqjkdZzprAxUKLEZ7HWg=",
        "owner": "georgrybski",
        "repo": "T3MP3ST",
        "rev": "ae32cf505174a422c55d7ca970f5f23816218f38",
        "type": "github"
      },
      "original": {
        "owner": "georgrybski",
        "repo": "T3MP3ST",
        "type": "github"
      }
    }
  },
  "root": "root",
  "version": 7
}
